PODS:
  - FDStackView (1.0.1)
  - PLVMarquee (0.0.1)
  - PLVNetworkDiagnosisTool (0.0.1)
  - PLVSubtitle (0.0.3)
  - PLVTimer (0.0.2)
  - PLVVodDanmu (0.0.1)
  - PolyvAliHttpDNS (1.6.7)
  - PolyvIJKPlayer (0.1.0)
  - PolyvVodSDK (0.0.3):
    - PLVMarquee
    - PLVNetworkDiagnosisTool
    - PLVTimer
    - PolyvAliHttpDNS
    - PolyvIJKPlayer
    - SSZipArchive
    - WCDB
  - SSZipArchive (2.1.1)
  - WCDB (1.0.6):
    - WCDB/sqlcipher (= 1.0.6)
  - WCDB/sqlcipher (1.0.6)
  - XRCarouselView (2.6.1)
  - YYCache (1.0.4)
  - YYImage (1.0.4):
    - YYImage/Core (= 1.0.4)
  - YYImage/Core (1.0.4)
  - YYWebImage (1.0.5):
    - YYCache
    - YYImage

DEPENDENCIES:
  - FDStackView
  - PLVSubtitle
  - PLVVodDanmu
  - PolyvVodSDK
  - XRCarouselView
  - YYWebImage

SPEC CHECKSUMS:
  FDStackView: fc0697e5be2022c8af36ce66e9e2061006058ba8
  PLVMarquee: dc17c519d8461b505e9502094effec7dc8fa5174
  PLVNetworkDiagnosisTool: e8a098546d30c12f7d1c917d8e43f10941f1bc5d
  PLVSubtitle: a5beb4a03a7719ceb4be1d4e10306cafe4759a11
  PLVTimer: bbab201882127402a94b7e19919aae278ae6dfa6
  PLVVodDanmu: 7f6663e2bbc3bf93a94b9bd3a404e1760b3d3511
  PolyvAliHttpDNS: 0fbbbcd3aab07a48305d36884681ca33849cc0b7
  PolyvIJKPlayer: 512eb485908b6e60e5e5e058ee9baa823e0dbaa4
  PolyvVodSDK: a786b7e70d31f4f4dfcbcec7057ea7efb60ead61
  SSZipArchive: 14401ade5f8e82aba1ff03e9f88e9de60937ae60
  WCDB: 4d2926bf695b2e00d785b50afd32c2dcc8cbbd98
  XRCarouselView: d3f949d1601e7de51604cdabd6e2f35a770e0f99
  YYCache: 8105b6638f5e849296c71f331ff83891a4942952
  YYImage: 1e1b62a9997399593e4b9c4ecfbbabbf1d3f3b54
  YYWebImage: 5f7f36aee2ae293f016d418c7d6ba05c4863e928

PODFILE CHECKSUM: 336418c56db70c2f8401b6b36d538798ac7a99a2

COCOAPODS: 1.4.0
